
Microsoft Visual Studio Solution File, Format Version 12.00
# Visual Studio Version 17
VisualStudioVersion = 17.8.34511.84
MinimumVisualStudioVersion = 10.0.40219.1
Project("{FAE04EC0-301F-11D3-BF4B-00C04F79EFBC}") = "BlazorApp5.Server", "BlazorApp5\Server\BlazorApp5.Server.csproj", "{A9350A3C-5E6B-4C79-8B4A-4A3CF18524A1}"
EndProject
Project("{FAE04EC0-301F-11D3-BF4B-00C04F79EFBC}") = "BlazorApp5.Client", "BlazorApp5\Client\BlazorApp5.Client.csproj", "{90ECE86D-D97E-44F3-B50C-1A1935FB4371}"
EndProject
Project("{FAE04EC0-301F-11D3-BF4B-00C04F79EFBC}") = "BlazorApp5.Shared", "BlazorApp5\Shared\BlazorApp5.Shared.csproj", "{2778BCE5-1F50-4A94-9281-59F6CCFBEB6A}"
EndProject
Global
	GlobalSection(SolutionConfigurationPlatforms) = preSolution
		Debug|Any CPU = Debug|Any CPU
		Release|Any CPU = Release|Any CPU
	EndGlobalSection
	GlobalSection(ProjectConfigurationPlatforms) = postSolution
		{A9350A3C-5E6B-4C79-8B4A-4A3CF18524A1}.Debug|Any CPU.ActiveCfg = Debug|Any CPU
		{A9350A3C-5E6B-4C79-8B4A-4A3CF18524A1}.Debug|Any CPU.Build.0 = Debug|Any CPU
		{A9350A3C-5E6B-4C79-8B4A-4A3CF18524A1}.Release|Any CPU.ActiveCfg = Release|Any CPU
		{A9350A3C-5E6B-4C79-8B4A-4A3CF18524A1}.Release|Any CPU.Build.0 = Release|Any CPU
		{90ECE86D-D97E-44F3-B50C-1A1935FB4371}.Debug|Any CPU.ActiveCfg = Debug|Any CPU
		{90ECE86D-D97E-44F3-B50C-1A1935FB4371}.Debug|Any CPU.Build.0 = Debug|Any CPU
		{90ECE86D-D97E-44F3-B50C-1A1935FB4371}.Release|Any CPU.ActiveCfg = Release|Any CPU
		{90ECE86D-D97E-44F3-B50C-1A1935FB4371}.Release|Any CPU.Build.0 = Release|Any CPU
		{2778BCE5-1F50-4A94-9281-59F6CCFBEB6A}.Debug|Any CPU.ActiveCfg = Debug|Any CPU
		{2778BCE5-1F50-4A94-9281-59F6CCFBEB6A}.Debug|Any CPU.Build.0 = Debug|Any CPU
		{2778BCE5-1F50-4A94-9281-59F6CCFBEB6A}.Release|Any CPU.ActiveCfg = Release|Any CPU
		{2778BCE5-1F50-4A94-9281-59F6CCFBEB6A}.Release|Any CPU.Build.0 = Release|Any CPU
	EndGlobalSection
	GlobalSection(SolutionProperties) = preSolution
		HideSolutionNode = FALSE
	EndGlobalSection
	GlobalSection(ExtensibilityGlobals) = postSolution
		SolutionGuid = {E1AB01B7-710F-4FF6-BCE4-7F31D2F8195A}
	EndGlobalSection
EndGlobal
